
Microsoft Visual Studio Solution File, Format Version 12.00
# Visual Studio 15
VisualStudioVersion = 15.0.26124.0
MinimumVisualStudioVersion = 15.0.26124.0
Project("{2150E333-8FDC-42A3-9474-1A3956D46DE8}") = "src", "src", "{0F535F39-D0B0-48A4-97B5-264CCB452885}"
EndProject
Project("{FAE04EC0-301F-11D3-BF4B-00C04F79EFBC}") = "Player", "src\Player\Player.csproj", "{2C3C7D4B-E5EC-4ABD-B1CA-E45F8651E169}"
EndProject
Project("{FAE04EC0-301F-11D3-BF4B-00C04F79EFBC}") = "Server", "src\Server\Server.csproj", "{B3984CF1-E182-4829-9143-99748AD0765D}"
EndProject
Project("{2150E333-8FDC-42A3-9474-1A3956D46DE8}") = "tests", "tests", "{02579248-0945-4E18-AC95-6C3C59B853F7}"
EndProject
Project("{FAE04EC0-301F-11D3-BF4B-00C04F79EFBC}") = "Player.Tests", "tests\Player.Tests\Player.Tests.csproj", "{DDF6951B-72B1-4BEB-983E-F5C4EE7B2ED2}"
EndProject
Global
	GlobalSection(SolutionConfigurationPlatforms) = preSolution
		Debug|Any CPU = Debug|Any CPU
		Debug|x64 = Debug|x64
		Debug|x86 = Debug|x86
		Release|Any CPU = Release|Any CPU
		Release|x64 = Release|x64
		Release|x86 = Release|x86
	EndGlobalSection
	GlobalSection(SolutionProperties) = preSolution
		HideSolutionNode = FALSE
	EndGlobalSection
	GlobalSection(ProjectConfigurationPlatforms) = postSolution
		{2C3C7D4B-E5EC-4ABD-B1CA-E45F8651E169}.Debug|Any CPU.ActiveCfg = Debug|Any CPU
		{2C3C7D4B-E5EC-4ABD-B1CA-E45F8651E169}.Debug|Any CPU.Build.0 = Debug|Any CPU
		{2C3C7D4B-E5EC-4ABD-B1CA-E45F8651E169}.Debug|x64.ActiveCfg = Debug|Any CPU
		{2C3C7D4B-E5EC-4ABD-B1CA-E45F8651E169}.Debug|x64.Build.0 = Debug|Any CPU
		{2C3C7D4B-E5EC-4ABD-B1CA-E45F8651E169}.Debug|x86.ActiveCfg = Debug|Any CPU
		{2C3C7D4B-E5EC-4ABD-B1CA-E45F8651E169}.Debug|x86.Build.0 = Debug|Any CPU
		{2C3C7D4B-E5EC-4ABD-B1CA-E45F8651E169}.Release|Any CPU.ActiveCfg = Release|Any CPU
		{2C3C7D4B-E5EC-4ABD-B1CA-E45F8651E169}.Release|Any CPU.Build.0 = Release|Any CPU
		{2C3C7D4B-E5EC-4ABD-B1CA-E45F8651E169}.Release|x64.ActiveCfg = Release|Any CPU
		{2C3C7D4B-E5EC-4ABD-B1CA-E45F8651E169}.Release|x64.Build.0 = Release|Any CPU
		{2C3C7D4B-E5EC-4ABD-B1CA-E45F8651E169}.Release|x86.ActiveCfg = Release|Any CPU
		{2C3C7D4B-E5EC-4ABD-B1CA-E45F8651E169}.Release|x86.Build.0 = Release|Any CPU
		{B3984CF1-E182-4829-9143-99748AD0765D}.Debug|Any CPU.ActiveCfg = Debug|Any CPU
		{B3984CF1-E182-4829-9143-99748AD0765D}.Debug|Any CPU.Build.0 = Debug|Any CPU
		{B3984CF1-E182-4829-9143-99748AD0765D}.Debug|x64.ActiveCfg = Debug|Any CPU
		{B3984CF1-E182-4829-9143-99748AD0765D}.Debug|x64.Build.0 = Debug|Any CPU
		{B3984CF1-E182-4829-9143-99748AD0765D}.Debug|x86.ActiveCfg = Debug|Any CPU
		{B3984CF1-E182-4829-9143-99748AD0765D}.Debug|x86.Build.0 = Debug|Any CPU
		{B3984CF1-E182-4829-9143-99748AD0765D}.Release|Any CPU.ActiveCfg = Release|Any CPU
		{B3984CF1-E182-4829-9143-99748AD0765D}.Release|Any CPU.Build.0 = Release|Any CPU
		{B3984CF1-E182-4829-9143-99748AD0765D}.Release|x64.ActiveCfg = Release|Any CPU
		{B3984CF1-E182-4829-9143-99748AD0765D}.Release|x64.Build.0 = Release|Any CPU
		{B3984CF1-E182-4829-9143-99748AD0765D}.Release|x86.ActiveCfg = Release|Any CPU
		{B3984CF1-E182-4829-9143-99748AD0765D}.Release|x86.Build.0 = Release|Any CPU
		{DDF6951B-72B1-4BEB-983E-F5C4EE7B2ED2}.Debug|Any CPU.ActiveCfg = Debug|Any CPU
		{DDF6951B-72B1-4BEB-983E-F5C4EE7B2ED2}.Debug|Any CPU.Build.0 = Debug|Any CPU
		{DDF6951B-72B1-4BEB-983E-F5C4EE7B2ED2}.Debug|x64.ActiveCfg = Debug|Any CPU
		{DDF6951B-72B1-4BEB-983E-F5C4EE7B2ED2}.Debug|x64.Build.0 = Debug|Any CPU
		{DDF6951B-72B1-4BEB-983E-F5C4EE7B2ED2}.Debug|x86.ActiveCfg = Debug|Any CPU
		{DDF6951B-72B1-4BEB-983E-F5C4EE7B2ED2}.Debug|x86.Build.0 = Debug|Any CPU
		{DDF6951B-72B1-4BEB-983E-F5C4EE7B2ED2}.Release|Any CPU.ActiveCfg = Release|Any CPU
		{DDF6951B-72B1-4BEB-983E-F5C4EE7B2ED2}.Release|Any CPU.Build.0 = Release|Any CPU
		{DDF6951B-72B1-4BEB-983E-F5C4EE7B2ED2}.Release|x64.ActiveCfg = Release|Any CPU
		{DDF6951B-72B1-4BEB-983E-F5C4EE7B2ED2}.Release|x64.Build.0 = Release|Any CPU
		{DDF6951B-72B1-4BEB-983E-F5C4EE7B2ED2}.Release|x86.ActiveCfg = Release|Any CPU
		{DDF6951B-72B1-4BEB-983E-F5C4EE7B2ED2}.Release|x86.Build.0 = Release|Any CPU
	EndGlobalSection
	GlobalSection(NestedProjects) = preSolution
		{2C3C7D4B-E5EC-4ABD-B1CA-E45F8651E169} = {0F535F39-D0B0-48A4-97B5-264CCB452885}
		{B3984CF1-E182-4829-9143-99748AD0765D} = {0F535F39-D0B0-48A4-97B5-264CCB452885}
		{DDF6951B-72B1-4BEB-983E-F5C4EE7B2ED2} = {02579248-0945-4E18-AC95-6C3C59B853F7}
	EndGlobalSection
EndGlobal
